
Microsoft Visual Studio Solution File, Format Version 12.00
# Visual Studio Version 17
VisualStudioVersion = 17.8.34330.188
MinimumVisualStudioVersion = 10.0.40219.1
Project("{9A19103F-16F7-4668-BE54-9A1E7A4F7556}") = "ConvexHullVisualizer", "ConvexHullVisualizer\ConvexHullVisualizer.csproj", "{32DC233F-E7CD-4DD7-B61B-17ECD3312B3B}"
EndProject
Project("{9A19103F-16F7-4668-BE54-9A1E7A4F7556}") = "ConvexHullVisualizer.Tests", "ConvexHullVisualizer.Tests\ConvexHullVisualizer.Tests.csproj", "{12095FE7-1024-4EE1-AD5C-4587673EEFCB}"
EndProject
Global
	GlobalSection(SolutionConfigurationPlatforms) = preSolution
		Debug|Any CPU = Debug|Any CPU
		Release|Any CPU = Release|Any CPU
	EndGlobalSection
	GlobalSection(ProjectConfigurationPlatforms) = postSolution
		{32DC233F-E7CD-4DD7-B61B-17ECD3312B3B}.Debug|Any CPU.ActiveCfg = Debug|Any CPU
		{32DC233F-E7CD-4DD7-B61B-17ECD3312B3B}.Debug|Any CPU.Build.0 = Debug|Any CPU
		{32DC233F-E7CD-4DD7-B61B-17ECD3312B3B}.Release|Any CPU.ActiveCfg = Release|Any CPU
		{32DC233F-E7CD-4DD7-B61B-17ECD3312B3B}.Release|Any CPU.Build.0 = Release|Any CPU
		{12095FE7-1024-4EE1-AD5C-4587673EEFCB}.Debug|Any CPU.ActiveCfg = Debug|Any CPU
		{12095FE7-1024-4EE1-AD5C-4587673EEFCB}.Debug|Any CPU.Build.0 = Debug|Any CPU
		{12095FE7-1024-4EE1-AD5C-4587673EEFCB}.Release|Any CPU.ActiveCfg = Release|Any CPU
		{12095FE7-1024-4EE1-AD5C-4587673EEFCB}.Release|Any CPU.Build.0 = Release|Any CPU
	EndGlobalSection
	GlobalSection(SolutionProperties) = preSolution
		HideSolutionNode = FALSE
	EndGlobalSection
	GlobalSection(ExtensibilityGlobals) = postSolution
		SolutionGuid = {5F313D55-0EFE-42AC-A23C-DFF40B53AF43}
	EndGlobalSection
EndGlobal
